
Microsoft Visual Studio Solution File, Format Version 12.00
# Visual Studio Version 17
VisualStudioVersion = 17.3.32825.248
MinimumVisualStudioVersion = 10.0.40219.1
Project("{FAE04EC0-301F-11D3-BF4B-00C04F79EFBC}") = "ZadanieDomowe4.11", "ZadanieDomowe4.11\ZadanieDomowe4.11.csproj", "{98AFAD17-BA29-49D5-AF01-4B4046BD4860}"
EndProject
Global
	GlobalSection(SolutionConfigurationPlatforms) = preSolution
		Debug|Any CPU = Debug|Any CPU
		Release|Any CPU = Release|Any CPU
	EndGlobalSection
	GlobalSection(ProjectConfigurationPlatforms) = postSolution
		{98AFAD17-BA29-49D5-AF01-4B4046BD4860}.Debug|Any CPU.ActiveCfg = Debug|Any CPU
		{98AFAD17-BA29-49D5-AF01-4B4046BD4860}.Debug|Any CPU.Build.0 = Debug|Any CPU
		{98AFAD17-BA29-49D5-AF01-4B4046BD4860}.Release|Any CPU.ActiveCfg = Release|Any CPU
		{98AFAD17-BA29-49D5-AF01-4B4046BD4860}.Release|Any CPU.Build.0 = Release|Any CPU
	EndGlobalSection
	GlobalSection(SolutionProperties) = preSolution
		HideSolutionNode = FALSE
	EndGlobalSection
	GlobalSection(ExtensibilityGlobals) = postSolution
		SolutionGuid = {D5D668CE-2028-408E-9229-5842C52FF87C}
	EndGlobalSection
EndGlobal
